
Microsoft Visual Studio Solution File, Format Version 12.00
# Visual Studio 15
VisualStudioVersion = 15.0.28307.421
MinimumVisualStudioVersion = 10.0.40219.1
Project("{FAE04EC0-301F-11D3-BF4B-00C04F79EFBC}") = "PetCoCel", "PetCoCel\PetCoCel.csproj", "{33AEC952-1BCA-414F-9565-5F84AAA35DE8}"
EndProject
Global
	GlobalSection(SolutionConfigurationPlatforms) = preSolution
		Debug|Any CPU = Debug|Any CPU
		Release|Any CPU = Release|Any CPU
	EndGlobalSection
	GlobalSection(ProjectConfigurationPlatforms) = postSolution
		{33AEC952-1BCA-414F-9565-5F84AAA35DE8}.Debug|Any CPU.ActiveCfg = Debug|Any CPU
		{33AEC952-1BCA-414F-9565-5F84AAA35DE8}.Debug|Any CPU.Build.0 = Debug|Any CPU
		{33AEC952-1BCA-414F-9565-5F84AAA35DE8}.Release|Any CPU.ActiveCfg = Release|Any CPU
		{33AEC952-1BCA-414F-9565-5F84AAA35DE8}.Release|Any CPU.Build.0 = Release|Any CPU
	EndGlobalSection
	GlobalSection(SolutionProperties) = preSolution
		HideSolutionNode = FALSE
	EndGlobalSection
	GlobalSection(ExtensibilityGlobals) = postSolution
		SolutionGuid = {59154708-3489-4359-ABDE-DCF5BCBC14B2}
	EndGlobalSection
EndGlobal
